
Microsoft Visual Studio Solution File, Format Version 12.00
# Visual Studio Version 17
VisualStudioVersion = 17.6.33829.357
MinimumVisualStudioVersion = 10.0.40219.1
Project("{FAE04EC0-301F-11D3-BF4B-00C04F79EFBC}") = "ShoppingCart", "ShoppingCart\ShoppingCart.csproj", "{B9730A17-641E-4665-97EA-881665D606BC}"
EndProject
Global
	GlobalSection(SolutionConfigurationPlatforms) = preSolution
		Debug|Any CPU = Debug|Any CPU
		Release|Any CPU = Release|Any CPU
	EndGlobalSection
	GlobalSection(ProjectConfigurationPlatforms) = postSolution
		{B9730A17-641E-4665-97EA-881665D606BC}.Debug|Any CPU.ActiveCfg = Debug|Any CPU
		{B9730A17-641E-4665-97EA-881665D606BC}.Debug|Any CPU.Build.0 = Debug|Any CPU
		{B9730A17-641E-4665-97EA-881665D606BC}.Release|Any CPU.ActiveCfg = Release|Any CPU
		{B9730A17-641E-4665-97EA-881665D606BC}.Release|Any CPU.Build.0 = Release|Any CPU
	EndGlobalSection
	GlobalSection(SolutionProperties) = preSolution
		HideSolutionNode = FALSE
	EndGlobalSection
	GlobalSection(ExtensibilityGlobals) = postSolution
		SolutionGuid = {C1D53A66-B88A-4DF2-A299-A16B72F63A62}
	EndGlobalSection
EndGlobal
