
Microsoft Visual Studio Solution File, Format Version 12.00
# Visual Studio Version 17
VisualStudioVersion = 17.6.33815.320
MinimumVisualStudioVersion = 10.0.40219.1
Project("{FAE04EC0-301F-11D3-BF4B-00C04F79EFBC}") = "Match_Details_Management_System", "Match_Details_Management_System.csproj", "{84BD8B38-4236-4A4C-BC03-A5512ABFD2B9}"
EndProject
Global
	GlobalSection(SolutionConfigurationPlatforms) = preSolution
		Debug|Any CPU = Debug|Any CPU
		Release|Any CPU = Release|Any CPU
	EndGlobalSection
	GlobalSection(ProjectConfigurationPlatforms) = postSolution
		{84BD8B38-4236-4A4C-BC03-A5512ABFD2B9}.Debug|Any CPU.ActiveCfg = Debug|Any CPU
		{84BD8B38-4236-4A4C-BC03-A5512ABFD2B9}.Debug|Any CPU.Build.0 = Debug|Any CPU
		{84BD8B38-4236-4A4C-BC03-A5512ABFD2B9}.Release|Any CPU.ActiveCfg = Release|Any CPU
		{84BD8B38-4236-4A4C-BC03-A5512ABFD2B9}.Release|Any CPU.Build.0 = Release|Any CPU
	EndGlobalSection
	GlobalSection(SolutionProperties) = preSolution
		HideSolutionNode = FALSE
	EndGlobalSection
	GlobalSection(ExtensibilityGlobals) = postSolution
		SolutionGuid = {A06A1C51-6FF9-4C33-980A-BBBEA9A05747}
	EndGlobalSection
EndGlobal
