
Microsoft Visual Studio Solution File, Format Version 12.00
# Visual Studio Version 17
VisualStudioVersion = 17.6.33829.357
MinimumVisualStudioVersion = 10.0.40219.1
Project("{FAE04EC0-301F-11D3-BF4B-00C04F79EFBC}") = "Assignment1", "Assignment1\Assignment1.csproj", "{75FF9B31-472B-4140-AA9D-D1EA068779DC}"
EndProject
Global
	GlobalSection(SolutionConfigurationPlatforms) = preSolution
		Debug|Any CPU = Debug|Any CPU
		Release|Any CPU = Release|Any CPU
	EndGlobalSection
	GlobalSection(ProjectConfigurationPlatforms) = postSolution
		{75FF9B31-472B-4140-AA9D-D1EA068779DC}.Debug|Any CPU.ActiveCfg = Debug|Any CPU
		{75FF9B31-472B-4140-AA9D-D1EA068779DC}.Debug|Any CPU.Build.0 = Debug|Any CPU
		{75FF9B31-472B-4140-AA9D-D1EA068779DC}.Release|Any CPU.ActiveCfg = Release|Any CPU
		{75FF9B31-472B-4140-AA9D-D1EA068779DC}.Release|Any CPU.Build.0 = Release|Any CPU
	EndGlobalSection
	GlobalSection(SolutionProperties) = preSolution
		HideSolutionNode = FALSE
	EndGlobalSection
	GlobalSection(ExtensibilityGlobals) = postSolution
		SolutionGuid = {96149082-A8B7-4678-AD8B-9D1859F6F970}
	EndGlobalSection
EndGlobal
